
Microsoft Visual Studio Solution File, Format Version 12.00
# Visual Studio Version 17
VisualStudioVersion = 17.11.35208.52
MinimumVisualStudioVersion = 10.0.40219.1
Project("{FAE04EC0-301F-11D3-BF4B-00C04F79EFBC}") = "Clase1Real", "Clase1Real\Clase1Real.csproj", "{1A828198-517E-455C-BF0D-31213EDB37DD}"
EndProject
Global
	GlobalSection(SolutionConfigurationPlatforms) = preSolution
		Debug|Any CPU = Debug|Any CPU
		Release|Any CPU = Release|Any CPU
	EndGlobalSection
	GlobalSection(ProjectConfigurationPlatforms) = postSolution
		{1A828198-517E-455C-BF0D-31213EDB37DD}.Debug|Any CPU.ActiveCfg = Debug|Any CPU
		{1A828198-517E-455C-BF0D-31213EDB37DD}.Debug|Any CPU.Build.0 = Debug|Any CPU
		{1A828198-517E-455C-BF0D-31213EDB37DD}.Release|Any CPU.ActiveCfg = Release|Any CPU
		{1A828198-517E-455C-BF0D-31213EDB37DD}.Release|Any CPU.Build.0 = Release|Any CPU
	EndGlobalSection
	GlobalSection(SolutionProperties) = preSolution
		HideSolutionNode = FALSE
	EndGlobalSection
	GlobalSection(ExtensibilityGlobals) = postSolution
		SolutionGuid = {04FDF3F3-4CF2-4B3A-A66C-DB20F0270713}
	EndGlobalSection
EndGlobal
