
Microsoft Visual Studio Solution File, Format Version 12.00
# Visual Studio Version 17
VisualStudioVersion = 17.11.35208.52
MinimumVisualStudioVersion = 10.0.40219.1
Project("{FAE04EC0-301F-11D3-BF4B-00C04F79EFBC}") = "Modelo Segundo Parcial", "Modelo Segundo Parcial.csproj", "{06AD0036-CFAD-4251-88E9-10814133F2F7}"
EndProject
Global
	GlobalSection(SolutionConfigurationPlatforms) = preSolution
		Debug|Any CPU = Debug|Any CPU
		Release|Any CPU = Release|Any CPU
	EndGlobalSection
	GlobalSection(ProjectConfigurationPlatforms) = postSolution
		{06AD0036-CFAD-4251-88E9-10814133F2F7}.Debug|Any CPU.ActiveCfg = Debug|Any CPU
		{06AD0036-CFAD-4251-88E9-10814133F2F7}.Debug|Any CPU.Build.0 = Debug|Any CPU
		{06AD0036-CFAD-4251-88E9-10814133F2F7}.Release|Any CPU.ActiveCfg = Release|Any CPU
		{06AD0036-CFAD-4251-88E9-10814133F2F7}.Release|Any CPU.Build.0 = Release|Any CPU
	EndGlobalSection
	GlobalSection(SolutionProperties) = preSolution
		HideSolutionNode = FALSE
	EndGlobalSection
	GlobalSection(ExtensibilityGlobals) = postSolution
		SolutionGuid = {96E892A0-B29E-461C-B8FE-126F06E7EDFF}
	EndGlobalSection
EndGlobal
